schema_version: 1
scenario:
  id: P6_E04_ACL_BLOCK
  name: Phase 6 E04 acl_block
  kind: fault
  variant_id: p6_e04_clean_v1
  split_group_id: CTX_P6_E04_TOP02_DUAL_TRANSIT_SELECTED_ARM
  category: controlled_fault
  description: Collect clean Evidence v3 for acl_block in the frozen E04 complete-context
    bundle.
  topology:
    id: TOP_02_DUAL_TRANSIT
    file: labs/topologies/p6_e04_top02_dual_transit/topology.clab.yml
  observation:
    schema_version: 2
    direction: hosta_to_hostc
    source_node: hosta
    source_container: clab-top02dual-hosta
    source_address: 10.40.1.10
    source_prefix: 10.40.1.0/24
    source_gateway_address: 10.40.1.1
    destination_address: 10.40.3.10
    destination_prefix: 10.40.3.0/24
    route_observer_node: r1
    route_observer_container: clab-top02dual-r1
    expected_next_hop: 10.40.13.2
    observer_egress_interface: eth3
    transit_node: r3
    transit_container: clab-top02dual-r3
    flow_protocol: icmp
    flow_source_port: null
    flow_destination_port: null
    policy_backend: iptables
    policy_table: filter
    policy_chain: FORWARD
    policy_rule_tag_prefix: IND-P6
  fault:
    type: acl_block
    injector: insert_exact_tagged_forward_drop_rule
    target_node: r1
    target_container: clab-top02dual-r1
    parameters:
      source_address: 10.40.1.10
      destination_address: 10.40.3.10
      protocol: icmp
      source_port: null
      destination_port: null
      policy_backend: iptables
      policy_table: filter
      policy_chain: FORWARD
      rule_tag: IND-P6-E04-ACL
  ground_truth:
    fault_category: access_control
    fault_type: acl_block
    fault_location: r1
    affected_prefix: 10.40.3.0/24
    root_cause: One exact tagged FORWARD rule blocks the observed flow.
  restoration:
    method: delete_exact_tagged_forward_drop_rule
    rule_tag: IND-P6-E04-ACL
